// !$*UTF8*$!
{
	archiveVersion = 1;
	classes = {
	};
	objectVersion = 46;
	objects = {

/* Begin PBXBuildFile section */
		55FAC69D17B68814004B56CF /* Foundation.framework in Frameworks */ = {isa = PBXBuildFile; fileRef = 55FAC69C17B68814004B56CF /* Foundation.framework */; };
		55FAC69F17B68814004B56CF /* CoreGraphics.framework in Frameworks */ = {isa = PBXBuildFile; fileRef = 55FAC69E17B68814004B56CF /* CoreGraphics.framework */; };
		55FAC6A117B68814004B56CF /* UIKit.framework in Frameworks */ = {isa = PBXBuildFile; fileRef = 55FAC6A017B68814004B56CF /* UIKit.framework */; };
		55FAC6A317B68814004B56CF /* CoreData.framework in Frameworks */ = {isa = PBXBuildFile; fileRef = 55FAC6A217B68814004B56CF /* CoreData.framework */; };
		55FAC6A917B68814004B56CF /* InfoPlist.strings in Resources */ = {isa = PBXBuildFile; fileRef = 55FAC6A717B68814004B56CF /* InfoPlist.strings */; };
		55FAC6AB17B68814004B56CF /* main.m in Sources */ = {isa = PBXBuildFile; fileRef = 55FAC6AA17B68814004B56CF /* main.m */; };
		55FAC6AF17B68814004B56CF /* AppDelegate.m in Sources */ = {isa = PBXBuildFile; fileRef = 55FAC6AE17B68814004B56CF /* AppDelegate.m */; };
		55FAC6B217B68814004B56CF /* Main.storyboard in Resources */ = {isa = PBXBuildFile; fileRef = 55FAC6B017B68814004B56CF /* Main.storyboard */; };
		55FAC6B517B68814004B56CF /* ControllingSource.xcdatamodeld in Sources */ = {isa = PBXBuildFile; fileRef = 55FAC6B317B68814004B56CF /* ControllingSource.xcdatamodeld */; };
		55FAC6B817B68814004B56CF /* MasterViewController.m in Sources */ = {isa = PBXBuildFile; fileRef = 55FAC6B717B68814004B56CF /* MasterViewController.m */; };
		55FAC6BB17B68814004B56CF /* DetailViewController.m in Sources */ = {isa = PBXBuildFile; fileRef = 55FAC6BA17B68814004B56CF /* DetailViewController.m */; };
		55FAC6BD17B68814004B56CF /* Images.xcassets in Resources */ = {isa = PBXBuildFile; fileRef = 55FAC6BC17B68814004B56CF /* Images.xcassets */; };
		55FAC6C417B68814004B56CF /* XCTest.framework in Frameworks */ = {isa = PBXBuildFile; fileRef = 55FAC6C317B68814004B56CF /* XCTest.framework */; };
		55FAC6C517B68814004B56CF /* Foundation.framework in Frameworks */ = {isa = PBXBuildFile; fileRef = 55FAC69C17B68814004B56CF /* Foundation.framework */; };
		55FAC6C617B68814004B56CF /* UIKit.framework in Frameworks */ = {isa = PBXBuildFile; fileRef = 55FAC6A017B68814004B56CF /* UIKit.framework */; };
		55FAC6C717B68814004B56CF /* CoreData.framework in Frameworks */ = {isa = PBXBuildFile; fileRef = 55FAC6A217B68814004B56CF /* CoreData.framework */; };
		55FAC6CF17B68814004B56CF /* InfoPlist.strings in Resources */ = {isa = PBXBuildFile; fileRef = 55FAC6CD17B68814004B56CF /* InfoPlist.strings */; };
		55FAC6D117B68814004B56CF /* ControllingSourceTests.m in Sources */ = {isa = PBXBuildFile; fileRef = 55FAC6D017B68814004B56CF /* ControllingSourceTests.m */; };
/* End PBXBuildFile section */

/* Begin PBXContainerItemProxy section */
		55FAC6C817B68814004B56CF /* PBXContainerItemProxy */ = {
			isa = PBXContainerItemProxy;
			containerPortal = 55FAC69117B68814004B56CF /* Project object */;
			proxyType = 1;
			remoteGlobalIDString = 55FAC69817B68814004B56CF;
			remoteInfo = ControllingSource;
		};
/* End PBXContainerItemProxy section */

/* Begin PBXFileReference section */
		55FAC69917B68814004B56CF /* ControllingSource.app */ = {isa = PBXFileReference; explicitFileType = wrapper.application; includeInIndex = 0; path = ControllingSource.app; sourceTree = BUILT_PRODUCTS_DIR; };
		55FAC69C17B68814004B56CF /* Foundation.framework */ = {isa = PBXFileReference; lastKnownFileType = wrapper.framework; name = Foundation.framework; path = System/Library/Frameworks/Foundation.framework; sourceTree = SDKROOT; };
		55FAC69E17B68814004B56CF /* CoreGraphics.framework */ = {isa = PBXFileReference; lastKnownFileType = wrapper.framework; name = CoreGraphics.framework; path = System/Library/Frameworks/CoreGraphics.framework; sourceTree = SDKROOT; };
		55FAC6A017B68814004B56CF /* UIKit.framework */ = {isa = PBXFileReference; lastKnownFileType = wrapper.framework; name = UIKit.framework; path = System/Library/Frameworks/UIKit.framework; sourceTree = SDKROOT; };
		55FAC6A217B68814004B56CF /* CoreData.framework */ = {isa = PBXFileReference; lastKnownFileType = wrapper.framework; name = CoreData.framework; path = System/Library/Frameworks/CoreData.framework; sourceTree = SDKROOT; };
		55FAC6A617B68814004B56CF /* ControllingSource-Info.plist */ = {isa = PBXFileReference; lastKnownFileType = text.plist.xml; path = "ControllingSource-Info.plist"; sourceTree = "<group>"; };
		55FAC6A817B68814004B56CF /* en */ = {isa = PBXFileReference; lastKnownFileType = text.plist.strings; name = en; path = en.lproj/InfoPlist.strings; sourceTree = "<group>"; };
		55FAC6AA17B68814004B56CF /* main.m */ = {isa = PBXFileReference; lastKnownFileType = sourcecode.c.objc; path = main.m; sourceTree = "<group>"; };
		55FAC6AC17B68814004B56CF /* ControllingSource-Prefix.pch */ = {isa = PBXFileReference; lastKnownFileType = sourcecode.c.h; path = "ControllingSource-Prefix.pch"; sourceTree = "<group>"; };
		55FAC6AD17B68814004B56CF /* AppDelegate.h */ = {isa = PBXFileReference; lastKnownFileType = sourcecode.c.h; path = AppDelegate.h; sourceTree = "<group>"; };
		55FAC6AE17B68814004B56CF /* AppDelegate.m */ = {isa = PBXFileReference; lastKnownFileType = sourcecode.c.objc; path = AppDelegate.m; sourceTree = "<group>"; };
		55FAC6B117B68814004B56CF /* Base */ = {isa = PBXFileReference; lastKnownFileType = file.storyboard; name = Base; path = Base.lproj/Main.storyboard; sourceTree = "<group>"; };
		55FAC6B417B68814004B56CF /* ControllingSource.xcdatamodel */ = {isa = PBXFileReference; lastKnownFileType = wrapper.xcdatamodel; path = ControllingSource.xcdatamodel; sourceTree = "<group>"; };
		55FAC6B617B68814004B56CF /* MasterViewController.h */ = {isa = PBXFileReference; lastKnownFileType = sourcecode.c.h; path = MasterViewController.h; sourceTree = "<group>"; };
		55FAC6B717B68814004B56CF /* MasterViewController.m */ = {isa = PBXFileReference; lastKnownFileType = sourcecode.c.objc; path = MasterViewController.m; sourceTree = "<group>"; };
		55FAC6B917B68814004B56CF /* DetailViewController.h */ = {isa = PBXFileReference; lastKnownFileType = sourcecode.c.h; path = DetailViewController.h; sourceTree = "<group>"; };
		55FAC6BA17B68814004B56CF /* DetailViewController.m */ = {isa = PBXFileReference; lastKnownFileType = sourcecode.c.objc; path = DetailViewController.m; sourceTree = "<group>"; };
		55FAC6BC17B68814004B56CF /* Images.xcassets */ = {isa = PBXFileReference; lastKnownFileType = folder.assetcatalog; path = Images.xcassets; sourceTree = "<group>"; };
		55FAC6C217B68814004B56CF /* ControllingSourceTests.xctest */ = {isa = PBXFileReference; explicitFileType = wrapper.cfbundle; includeInIndex = 0; path = ControllingSourceTests.xctest; sourceTree = BUILT_PRODUCTS_DIR; };
		55FAC6C317B68814004B56CF /* XCTest.framework */ = {isa = PBXFileReference; lastKnownFileType = wrapper.framework; name = XCTest.framework; path = Library/Frameworks/XCTest.framework; sourceTree = DEVELOPER_DIR; };
		55FAC6CC17B68814004B56CF /* ControllingSourceTests-Info.plist */ = {isa = PBXFileReference; lastKnownFileType = text.plist.xml; path = "ControllingSourceTests-Info.plist"; sourceTree = "<group>"; };
		55FAC6CE17B68814004B56CF /* en */ = {isa = PBXFileReference; lastKnownFileType = text.plist.strings; name = en; path = en.lproj/InfoPlist.strings; sourceTree = "<group>"; };
		55FAC6D017B68814004B56CF /* ControllingSourceTests.m */ = {isa = PBXFileReference; lastKnownFileType = sourcecode.c.objc; path = ControllingSourceTests.m; sourceTree = "<group>"; };
/* End PBXFileReference section */

/* Begin PBXFrameworksBuildPhase section */
		55FAC69617B68814004B56CF /* Frameworks */ = {
			isa = PBXFrameworksBuildPhase;
			buildActionMask = 2147483647;
			files = (
				55FAC69F17B68814004B56CF /* CoreGraphics.framework in Frameworks */,
				55FAC6A317B68814004B56CF /* CoreData.framework in Frameworks */,
				55FAC6A117B68814004B56CF /* UIKit.framework in Frameworks */,
				55FAC69D17B68814004B56CF /* Foundation.framework in Frameworks */,
			);
			runOnlyForDeploymentPostprocessing = 0;
		};
		55FAC6BF17B68814004B56CF /* Frameworks */ = {
			isa = PBXFrameworksBuildPhase;
			buildActionMask = 2147483647;
			files = (
				55FAC6C417B68814004B56CF /* XCTest.framework in Frameworks */,
				55FAC6C717B68814004B56CF /* CoreData.framework in Frameworks */,
				55FAC6C617B68814004B56CF /* UIKit.framework in Frameworks */,
				55FAC6C517B68814004B56CF /* Foundation.framework in Frameworks */,
			);
			runOnlyForDeploymentPostprocessing = 0;
		};
/* End PBXFrameworksBuildPhase section */

/* Begin PBXGroup section */
		55FAC69017B68814004B56CF = {
			isa = PBXGroup;
			children = (
				55FAC6A417B68814004B56CF /* ControllingSource */,
				55FAC6CA17B68814004B56CF /* ControllingSourceTests */,
				55FAC69B17B68814004B56CF /* Frameworks */,
				55FAC69A17B68814004B56CF /* Products */,
			);
			sourceTree = "<group>";
		};
		55FAC69A17B68814004B56CF /* Products */ = {
			isa = PBXGroup;
			children = (
				55FAC69917B68814004B56CF /* ControllingSource.app */,
				55FAC6C217B68814004B56CF /* ControllingSourceTests.xctest */,
			);
			name = Products;
			sourceTree = "<group>";
		};
		55FAC69B17B68814004B56CF /* Frameworks */ = {
			isa = PBXGroup;
			children = (
				55FAC69C17B68814004B56CF /* Foundation.framework */,
				55FAC69E17B68814004B56CF /* CoreGraphics.framework */,
				55FAC6A017B68814004B56CF /* UIKit.framework */,
				55FAC6A217B68814004B56CF /* CoreData.framework */,
				55FAC6C317B68814004B56CF /* XCTest.framework */,
			);
			name = Frameworks;
			sourceTree = "<group>";
		};
		55FAC6A417B68814004B56CF /* ControllingSource */ = {
			isa = PBXGroup;
			children = (
				55FAC6AD17B68814004B56CF /* AppDelegate.h */,
				55FAC6AE17B68814004B56CF /* AppDelegate.m */,
				55FAC6B017B68814004B56CF /* Main.storyboard */,
				55FAC6B617B68814004B56CF /* MasterViewController.h */,
				55FAC6B717B68814004B56CF /* MasterViewController.m */,
				55FAC6B917B68814004B56CF /* DetailViewController.h */,
				55FAC6BA17B68814004B56CF /* DetailViewController.m */,
				55FAC6BC17B68814004B56CF /* Images.xcassets */,
				55FAC6B317B68814004B56CF /* ControllingSource.xcdatamodeld */,
				55FAC6A517B68814004B56CF /* Supporting Files */,
			);
			path = ControllingSource;
			sourceTree = "<group>";
		};
		55FAC6A517B68814004B56CF /* Supporting Files */ = {
			isa = PBXGroup;
			children = (
				55FAC6A617B68814004B56CF /* ControllingSource-Info.plist */,
				55FAC6A717B68814004B56CF /* InfoPlist.strings */,
				55FAC6AA17B68814004B56CF /* main.m */,
				55FAC6AC17B68814004B56CF /* ControllingSource-Prefix.pch */,
			);
			name = "Supporting Files";
			sourceTree = "<group>";
		};
		55FAC6CA17B68814004B56CF /* ControllingSourceTests */ = {
			isa = PBXGroup;
			children = (
				55FAC6D017B68814004B56CF /* ControllingSourceTests.m */,
				55FAC6CB17B68814004B56CF /* Supporting Files */,
			);
			path = ControllingSourceTests;
			sourceTree = "<group>";
		};
		55FAC6CB17B68814004B56CF /* Supporting Files */ = {
			isa = PBXGroup;
			children = (
				55FAC6CC17B68814004B56CF /* ControllingSourceTests-Info.plist */,
				55FAC6CD17B68814004B56CF /* InfoPlist.strings */,
			);
			name = "Supporting Files";
			sourceTree = "<group>";
		};
/* End PBXGroup section */

/* Begin PBXNativeTarget section */
		55FAC69817B68814004B56CF /* ControllingSource */ = {
			isa = PBXNativeTarget;
			buildConfigurationList = 55FAC6D417B68814004B56CF /* Build configuration list for PBXNativeTarget "ControllingSource" */;
			buildPhases = (
				55FAC69517B68814004B56CF /* Sources */,
				55FAC69617B68814004B56CF /* Frameworks */,
				55FAC69717B68814004B56CF /* Resources */,
			);
			buildRules = (
			);
			dependencies = (
			);
			name = ControllingSource;
			productName = ControllingSource;
			productReference = 55FAC69917B68814004B56CF /* ControllingSource.app */;
			productType = "com.apple.product-type.application";
		};
		55FAC6C117B68814004B56CF /* ControllingSourceTests */ = {
			isa = PBXNativeTarget;
			buildConfigurationList = 55FAC6D717B68814004B56CF /* Build configuration list for PBXNativeTarget "ControllingSourceTests" */;
			buildPhases = (
				55FAC6BE17B68814004B56CF /* Sources */,
				55FAC6BF17B68814004B56CF /* Frameworks */,
				55FAC6C017B68814004B56CF /* Resources */,
			);
			buildRules = (
			);
			dependencies = (
				55FAC6C917B68814004B56CF /* PBXTargetDependency */,
			);
			name = ControllingSourceTests;
			productName = ControllingSourceTests;
			productReference = 55FAC6C217B68814004B56CF /* ControllingSourceTests.xctest */;
			productType = "com.apple.product-type.bundle.unit-test";
		};
/* End PBXNativeTarget section */

/* Begin PBXProject section */
		55FAC69117B68814004B56CF /* Project object */ = {
			isa = PBXProject;
			attributes = {
				LastUpgradeCheck = 0500;
				ORGANIZATIONNAME = "Felipe Laso Marsetti";
				TargetAttributes = {
					55FAC6C117B68814004B56CF = {
						TestTargetID = 55FAC69817B68814004B56CF;
					};
				};
			};
			buildConfigurationList = 55FAC69417B68814004B56CF /* Build configuration list for PBXProject "ControllingSource" */;
			compatibilityVersion = "Xcode 3.2";
			developmentRegion = English;
			hasScannedForEncodings = 0;
			knownRegions = (
				en,
				Base,
			);
			mainGroup = 55FAC69017B68814004B56CF;
			productRefGroup = 55FAC69A17B68814004B56CF /* Products */;
			projectDirPath = "";
			projectRoot = "";
			targets = (
				55FAC69817B68814004B56CF /* ControllingSource */,
				55FAC6C117B68814004B56CF /* ControllingSourceTests */,
			);
		};
/* End PBXProject section */

/* Begin PBXResourcesBuildPhase section */
		55FAC69717B68814004B56CF /* Resources */ = {
			isa = PBXResourcesBuildPhase;
			buildActionMask = 2147483647;
			files = (
				55FAC6BD17B68814004B56CF /* Images.xcassets in Resources */,
				55FAC6A917B68814004B56CF /* InfoPlist.strings in Resources */,
				55FAC6B217B68814004B56CF /* Main.storyboard in Resources */,
			);
			runOnlyForDeploymentPostprocessing = 0;
		};
		55FAC6C017B68814004B56CF /* Resources */ = {
			isa = PBXResourcesBuildPhase;
			buildActionMask = 2147483647;
			files = (
				55FAC6CF17B68814004B56CF /* InfoPlist.strings in Resources */,
			);
			runOnlyForDeploymentPostprocessing = 0;
		};
/* End PBXResourcesBuildPhase section */

/* Begin PBXSourcesBuildPhase section */
		55FAC69517B68814004B56CF /* Sources */ = {
			isa = PBXSourcesBuildPhase;
			buildActionMask = 2147483647;
			files = (
				55FAC6BB17B68814004B56CF /* DetailViewController.m in Sources */,
				55FAC6B817B68814004B56CF /* MasterViewController.m in Sources */,
				55FAC6B517B68814004B56CF /* ControllingSource.xcdatamodeld in Sources */,
				55FAC6AF17B68814004B56CF /* AppDelegate.m in Sources */,
				55FAC6AB17B68814004B56CF /* main.m in Sources */,
			);
			runOnlyForDeploymentPostprocessing = 0;
		};
		55FAC6BE17B68814004B56CF /* Sources */ = {
			isa = PBXSourcesBuildPhase;
			buildActionMask = 2147483647;
			files = (
				55FAC6D117B68814004B56CF /* ControllingSourceTests.m in Sources */,
			);
			runOnlyForDeploymentPostprocessing = 0;
		};
/* End PBXSourcesBuildPhase section */

/* Begin PBXTargetDependency section */
		55FAC6C917B68814004B56CF /* PBXTargetDependency */ = {
			isa = PBXTargetDependency;
			target = 55FAC69817B68814004B56CF /* ControllingSource */;
			targetProxy = 55FAC6C817B68814004B56CF /* PBXContainerItemProxy */;
		};
/* End PBXTargetDependency section */

/* Begin PBXVariantGroup section */
		55FAC6A717B68814004B56CF /* InfoPlist.strings */ = {
			isa = PBXVariantGroup;
			children = (
				55FAC6A817B68814004B56CF /* en */,
			);
			name = InfoPlist.strings;
			sourceTree = "<group>";
		};
		55FAC6B017B68814004B56CF /* Main.storyboard */ = {
			isa = PBXVariantGroup;
			children = (
				55FAC6B117B68814004B56CF /* Base */,
			);
			name = Main.storyboard;
			sourceTree = "<group>";
		};
		55FAC6CD17B68814004B56CF /* InfoPlist.strings */ = {
			isa = PBXVariantGroup;
			children = (
				55FAC6CE17B68814004B56CF /* en */,
			);
			name = InfoPlist.strings;
			sourceTree = "<group>";
		};
/* End PBXVariantGroup section */

/* Begin XCBuildConfiguration section */
		55FAC6D217B68814004B56CF /* Debug */ = {
			isa = XCBuildConfiguration;
			buildSettings = {
				ALWAYS_SEARCH_USER_PATHS = NO;
				CLANG_CXX_LANGUAGE_STANDARD = "gnu++0x";
				CLANG_CXX_LIBRARY = "libc++";
				CLANG_ENABLE_MODULES = YES;
				CLANG_ENABLE_OBJC_ARC = YES;
				CLANG_WARN_BOOL_CONVERSION = YES;
				CLANG_WARN_CONSTANT_CONVERSION = YES;
				CLANG_WARN_DIRECT_OBJC_ISA_USAGE = YES_ERROR;
				CLANG_WARN_EMPTY_BODY = YES;
				CLANG_WARN_ENUM_CONVERSION = YES;
				CLANG_WARN_INT_CONVERSION = YES;
				CLANG_WARN_OBJC_ROOT_CLASS = YES_ERROR;
				CLANG_WARN__DUPLICATE_METHOD_MATCH = YES;
				"CODE_SIGN_IDENTITY[sdk=iphoneos*]" = "iPhone Developer";
				COPY_PHASE_STRIP = NO;
				GCC_C_LANGUAGE_STANDARD = gnu99;
				GCC_DYNAMIC_NO_PIC = NO;
				GCC_OPTIMIZATION_LEVEL = 0;
				GCC_PREPROCESSOR_DEFINITIONS = (
					"DEBUG=1",
					"$(inherited)",
				);
				GCC_SYMBOLS_PRIVATE_EXTERN = NO;
				GCC_WARN_ABOUT_RETURN_TYPE = YES_ERROR;
				GCC_WARN_UNDECLARED_SELECTOR = YES;
				GCC_WARN_UNINITIALIZED_AUTOS = YES;
				GCC_WARN_UNUSED_FUNCTION = YES;
				GCC_WARN_UNUSED_VARIABLE = YES;
				IPHONEOS_DEPLOYMENT_TARGET = 7.0;
				ONLY_ACTIVE_ARCH = YES;
				SDKROOT = iphoneos;
			};
			name = Debug;
		};
		55FAC6D317B68814004B56CF /* Release */ = {
			isa = XCBuildConfiguration;
			buildSettings = {
				ALWAYS_SEARCH_USER_PATHS = NO;
				CLANG_CXX_LANGUAGE_STANDARD = "gnu++0x";
				CLANG_CXX_LIBRARY = "libc++";
				CLANG_ENABLE_MODULES = YES;
				CLANG_ENABLE_OBJC_ARC = YES;
				CLANG_WARN_BOOL_CONVERSION = YES;
				CLANG_WARN_CONSTANT_CONVERSION = YES;
				CLANG_WARN_DIRECT_OBJC_ISA_USAGE = YES_ERROR;
				CLANG_WARN_EMPTY_BODY = YES;
				CLANG_WARN_ENUM_CONVERSION = YES;
				CLANG_WARN_INT_CONVERSION = YES;
				CLANG_WARN_OBJC_ROOT_CLASS = YES_ERROR;
				CLANG_WARN__DUPLICATE_METHOD_MATCH = YES;
				"CODE_SIGN_IDENTITY[sdk=iphoneos*]" = "iPhone Developer";
				COPY_PHASE_STRIP = YES;
				ENABLE_NS_ASSERTIONS = NO;
				GCC_C_LANGUAGE_STANDARD = gnu99;
				GCC_WARN_ABOUT_RETURN_TYPE = YES_ERROR;
				GCC_WARN_UNDECLARED_SELECTOR = YES;
				GCC_WARN_UNINITIALIZED_AUTOS = YES;
				GCC_WARN_UNUSED_FUNCTION = YES;
				GCC_WARN_UNUSED_VARIABLE = YES;
				IPHONEOS_DEPLOYMENT_TARGET = 7.0;
				SDKROOT = iphoneos;
				VALIDATE_PRODUCT = YES;
			};
			name = Release;
		};
		55FAC6D517B68814004B56CF /* Debug */ = {
			isa = XCBuildConfiguration;
			buildSettings = {
				ASSETCATALOG_COMPILER_APPICON_NAME = AppIcon;
				ASSETCATALOG_COMPILER_LAUNCHIMAGE_NAME = LaunchImage;
				GCC_PRECOMPILE_PREFIX_HEADER = YES;
				GCC_PREFIX_HEADER = "ControllingSource/ControllingSource-Prefix.pch";
				INFOPLIST_FILE = "ControllingSource/ControllingSource-Info.plist";
				PRODUCT_NAME = "$(TARGET_NAME)";
				WRAPPER_EXTENSION = app;
			};
			name = Debug;
		};
		55FAC6D617B68814004B56CF /* Release */ = {
			isa = XCBuildConfiguration;
			buildSettings = {
				ASSETCATALOG_COMPILER_APPICON_NAME = AppIcon;
				ASSETCATALOG_COMPILER_LAUNCHIMAGE_NAME = LaunchImage;
				GCC_PRECOMPILE_PREFIX_HEADER = YES;
				GCC_PREFIX_HEADER = "ControllingSource/ControllingSource-Prefix.pch";
				INFOPLIST_FILE = "ControllingSource/ControllingSource-Info.plist";
				PRODUCT_NAME = "$(TARGET_NAME)";
				WRAPPER_EXTENSION = app;
			};
			name = Release;
		};
		55FAC6D817B68814004B56CF /* Debug */ = {
			isa = XCBuildConfiguration;
			buildSettings = {
				BUNDLE_LOADER = "$(BUILT_PRODUCTS_DIR)/ControllingSource.app/ControllingSource";
				FRAMEWORK_SEARCH_PATHS = (
					"$(SDKROOT)/Developer/Library/Frameworks",
					"$(inherited)",
					"$(DEVELOPER_FRAMEWORKS_DIR)",
				);
				GCC_PRECOMPILE_PREFIX_HEADER = YES;
				GCC_PREFIX_HEADER = "ControllingSource/ControllingSource-Prefix.pch";
				GCC_PREPROCESSOR_DEFINITIONS = (
					"DEBUG=1",
					"$(inherited)",
				);
				INFOPLIST_FILE = "ControllingSourceTests/ControllingSourceTests-Info.plist";
				PRODUCT_NAME = "$(TARGET_NAME)";
				TEST_HOST = "$(BUNDLE_LOADER)";
				WRAPPER_EXTENSION = xctest;
			};
			name = Debug;
		};
		55FAC6D917B68814004B56CF /* Release */ = {
			isa = XCBuildConfiguration;
			buildSettings = {
				BUNDLE_LOADER = "$(BUILT_PRODUCTS_DIR)/ControllingSource.app/ControllingSource";
				FRAMEWORK_SEARCH_PATHS = (
					"$(SDKROOT)/Developer/Library/Frameworks",
					"$(inherited)",
					"$(DEVELOPER_FRAMEWORKS_DIR)",
				);
				GCC_PRECOMPILE_PREFIX_HEADER = YES;
				GCC_PREFIX_HEADER = "ControllingSource/ControllingSource-Prefix.pch";
				INFOPLIST_FILE = "ControllingSourceTests/ControllingSourceTests-Info.plist";
				PRODUCT_NAME = "$(TARGET_NAME)";
				TEST_HOST = "$(BUNDLE_LOADER)";
				WRAPPER_EXTENSION = xctest;
			};
			name = Release;
		};
/* End XCBuildConfiguration section */

/* Begin XCConfigurationList section */
		55FAC69417B68814004B56CF /* Build configuration list for PBXProject "ControllingSource" */ = {
			isa = XCConfigurationList;
			buildConfigurations = (
				55FAC6D217B68814004B56CF /* Debug */,
				55FAC6D317B68814004B56CF /* Release */,
			);
			defaultConfigurationIsVisible = 0;
			defaultConfigurationName = Release;
		};
		55FAC6D417B68814004B56CF /* Build configuration list for PBXNativeTarget "ControllingSource" */ = {
			isa = XCConfigurationList;
			buildConfigurations = (
				55FAC6D517B68814004B56CF /* Debug */,
				55FAC6D617B68814004B56CF /* Release */,
			);
			defaultConfigurationIsVisible = 0;
		};
		55FAC6D717B68814004B56CF /* Build configuration list for PBXNativeTarget "ControllingSourceTests" */ = {
			isa = XCConfigurationList;
			buildConfigurations = (
				55FAC6D817B68814004B56CF /* Debug */,
				55FAC6D917B68814004B56CF /* Release */,
			);
			defaultConfigurationIsVisible = 0;
		};
/* End XCConfigurationList section */

/* Begin XCVersionGroup section */
		55FAC6B317B68814004B56CF /* ControllingSource.xcdatamodeld */ = {
			isa = XCVersionGroup;
			children = (
				55FAC6B417B68814004B56CF /* ControllingSource.xcdatamodel */,
			);
			currentVersion = 55FAC6B417B68814004B56CF /* ControllingSource.xcdatamodel */;
			path = ControllingSource.xcdatamodeld;
			sourceTree = "<group>";
			versionGroupType = wrapper.xcdatamodel;
		};
/* End XCVersionGroup section */
	};
	rootObject = 55FAC69117B68814004B56CF /* Project object */;
}
